
Microsoft Visual Studio Solution File, Format Version 12.00
# Visual Studio Version 17
VisualStudioVersion = 17.0.31903.59
MinimumVisualStudioVersion = 10.0.40219.1
Project("{FAE04EC0-301F-11D3-BF4B-00C04F79EFBC}") = "Academy.Core", "Academy.Core\Academy.Core.csproj", "{378C7BF7-399F-4A69-9F2C-69EDC95789CC}"
EndProject
Project("{FAE04EC0-301F-11D3-BF4B-00C04F79EFBC}") = "Academy.Application", "Academy.Application\Academy.Application.csproj", "{64EB9634-0AFC-4188-8372-FFCC807D0E9F}"
EndProject
Project("{FAE04EC0-301F-11D3-BF4B-00C04F79EFBC}") = "Academy.Infrastructure", "Academy.Infrastructure\Academy.Infrastructure.csproj", "{1E643DBD-C785-4429-B289-A049ACF0A8EF}"
EndProject

Project("{FAE04EC0-301F-11D3-BF4B-00C04F79EFBC}") = "Academy.Web", "Academy.Web\Academy.Web.csproj", "{D850FF4E-BCFC-4C51-8A42-87D5B3817887}"
EndProject
Global
	GlobalSection(SolutionConfigurationPlatforms) = preSolution
		Debug|Any CPU = Debug|Any CPU
		Debug|x64 = Debug|x64
		Debug|x86 = Debug|x86
		Release|Any CPU = Release|Any CPU
		Release|x64 = Release|x64
		Release|x86 = Release|x86
	EndGlobalSection
	GlobalSection(ProjectConfigurationPlatforms) = postSolution
		{378C7BF7-399F-4A69-9F2C-69EDC95789CC}.Debug|Any CPU.ActiveCfg = Debug|Any CPU
		{378C7BF7-399F-4A69-9F2C-69EDC95789CC}.Debug|Any CPU.Build.0 = Debug|Any CPU
		{378C7BF7-399F-4A69-9F2C-69EDC95789CC}.Debug|x64.ActiveCfg = Debug|Any CPU
		{378C7BF7-399F-4A69-9F2C-69EDC95789CC}.Debug|x64.Build.0 = Debug|Any CPU
		{378C7BF7-399F-4A69-9F2C-69EDC95789CC}.Debug|x86.ActiveCfg = Debug|Any CPU
		{378C7BF7-399F-4A69-9F2C-69EDC95789CC}.Debug|x86.Build.0 = Debug|Any CPU
		{378C7BF7-399F-4A69-9F2C-69EDC95789CC}.Release|Any CPU.ActiveCfg = Release|Any CPU
		{378C7BF7-399F-4A69-9F2C-69EDC95789CC}.Release|Any CPU.Build.0 = Release|Any CPU
		{378C7BF7-399F-4A69-9F2C-69EDC95789CC}.Release|x64.ActiveCfg = Release|Any CPU
		{378C7BF7-399F-4A69-9F2C-69EDC95789CC}.Release|x64.Build.0 = Release|Any CPU
		{378C7BF7-399F-4A69-9F2C-69EDC95789CC}.Release|x86.ActiveCfg = Release|Any CPU
		{378C7BF7-399F-4A69-9F2C-69EDC95789CC}.Release|x86.Build.0 = Release|Any CPU
		{64EB9634-0AFC-4188-8372-FFCC807D0E9F}.Debug|Any CPU.ActiveCfg = Debug|Any CPU
		{64EB9634-0AFC-4188-8372-FFCC807D0E9F}.Debug|Any CPU.Build.0 = Debug|Any CPU
		{64EB9634-0AFC-4188-8372-FFCC807D0E9F}.Debug|x64.ActiveCfg = Debug|Any CPU
		{64EB9634-0AFC-4188-8372-FFCC807D0E9F}.Debug|x64.Build.0 = Debug|Any CPU
		{64EB9634-0AFC-4188-8372-FFCC807D0E9F}.Debug|x86.ActiveCfg = Debug|Any CPU
		{64EB9634-0AFC-4188-8372-FFCC807D0E9F}.Debug|x86.Build.0 = Debug|Any CPU
		{64EB9634-0AFC-4188-8372-FFCC807D0E9F}.Release|Any CPU.ActiveCfg = Release|Any CPU
		{64EB9634-0AFC-4188-8372-FFCC807D0E9F}.Release|Any CPU.Build.0 = Release|Any CPU
		{64EB9634-0AFC-4188-8372-FFCC807D0E9F}.Release|x64.ActiveCfg = Release|Any CPU
		{64EB9634-0AFC-4188-8372-FFCC807D0E9F}.Release|x64.Build.0 = Release|Any CPU
		{64EB9634-0AFC-4188-8372-FFCC807D0E9F}.Release|x86.ActiveCfg = Release|Any CPU
		{64EB9634-0AFC-4188-8372-FFCC807D0E9F}.Release|x86.Build.0 = Release|Any CPU
		{1E643DBD-C785-4429-B289-A049ACF0A8EF}.Debug|Any CPU.ActiveCfg = Debug|Any CPU
		{1E643DBD-C785-4429-B289-A049ACF0A8EF}.Debug|Any CPU.Build.0 = Debug|Any CPU
		{1E643DBD-C785-4429-B289-A049ACF0A8EF}.Debug|x64.ActiveCfg = Debug|Any CPU
		{1E643DBD-C785-4429-B289-A049ACF0A8EF}.Debug|x64.Build.0 = Debug|Any CPU
		{1E643DBD-C785-4429-B289-A049ACF0A8EF}.Debug|x86.ActiveCfg = Debug|Any CPU
		{1E643DBD-C785-4429-B289-A049ACF0A8EF}.Debug|x86.Build.0 = Debug|Any CPU
		{1E643DBD-C785-4429-B289-A049ACF0A8EF}.Release|Any CPU.ActiveCfg = Release|Any CPU
		{1E643DBD-C785-4429-B289-A049ACF0A8EF}.Release|Any CPU.Build.0 = Release|Any CPU
		{1E643DBD-C785-4429-B289-A049ACF0A8EF}.Release|x64.ActiveCfg = Release|Any CPU
		{1E643DBD-C785-4429-B289-A049ACF0A8EF}.Release|x64.Build.0 = Release|Any CPU
		{1E643DBD-C785-4429-B289-A049ACF0A8EF}.Release|x86.ActiveCfg = Release|Any CPU
		{1E643DBD-C785-4429-B289-A049ACF0A8EF}.Release|x86.Build.0 = Release|Any CPU

		{D850FF4E-BCFC-4C51-8A42-87D5B3817887}.Debug|Any CPU.ActiveCfg = Debug|Any CPU
		{D850FF4E-BCFC-4C51-8A42-87D5B3817887}.Debug|Any CPU.Build.0 = Debug|Any CPU
		{D850FF4E-BCFC-4C51-8A42-87D5B3817887}.Debug|x64.ActiveCfg = Debug|Any CPU
		{D850FF4E-BCFC-4C51-8A42-87D5B3817887}.Debug|x64.Build.0 = Debug|Any CPU
		{D850FF4E-BCFC-4C51-8A42-87D5B3817887}.Debug|x86.ActiveCfg = Debug|Any CPU
		{D850FF4E-BCFC-4C51-8A42-87D5B3817887}.Debug|x86.Build.0 = Debug|Any CPU
		{D850FF4E-BCFC-4C51-8A42-87D5B3817887}.Release|Any CPU.ActiveCfg = Release|Any CPU
		{D850FF4E-BCFC-4C51-8A42-87D5B3817887}.Release|Any CPU.Build.0 = Release|Any CPU
		{D850FF4E-BCFC-4C51-8A42-87D5B3817887}.Release|x64.ActiveCfg = Release|Any CPU
		{D850FF4E-BCFC-4C51-8A42-87D5B3817887}.Release|x64.Build.0 = Release|Any CPU
		{D850FF4E-BCFC-4C51-8A42-87D5B3817887}.Release|x86.ActiveCfg = Release|Any CPU
		{D850FF4E-BCFC-4C51-8A42-87D5B3817887}.Release|x86.Build.0 = Release|Any CPU
	EndGlobalSection
	GlobalSection(SolutionProperties) = preSolution
		HideSolutionNode = FALSE
	EndGlobalSection
EndGlobal
